{
  "requires": true,
  "lockfileVersion": 1,
  "dependencies": {
    "bulma": {
      "version": "0.9.3",
      "resolved": "https://registry.npmjs.org/bulma/-/bulma-0.9.3.tgz",
      "integrity": "sha512-0d7GNW1PY4ud8TWxdNcP6Cc8Bu7MxcntD/RRLGWuiw/s0a9P+XlH/6QoOIrmbj6o8WWJzJYhytiu9nFjTszk1g=="
    },
    "bulma-checkradio": {
      "version": "2.1.2",
      "resolved": "https://registry.npmjs.org/bulma-checkradio/-/bulma-checkradio-2.1.2.tgz",
      "integrity": "sha512-pKXV/3ipaz1yordNC1Hm37gfT0lrfrIcrAkbF49TgdBlXTiP0EM/faznOTxuZOSgWyYkO8pSsx97Q8sc1rnRwQ==",
      "requires": {
        "bulma": "^0.9.3"
      }
    },
    "bulma-switch": {
      "version": "2.0.0",
      "resolved": "https://registry.npmjs.org/bulma-switch/-/bulma-switch-2.0.0.tgz",
      "integrity": "sha512-myD38zeUfjmdduq+pXabhJEe3x2hQP48l/OI+Y0fO3HdDynZUY/VJygucvEAJKRjr4HxD5DnEm4yx+oDOBXpAA=="
    },
    "bulma-tooltip": {
      "version": "3.0.2",
      "resolved": "https://registry.npmjs.org/bulma-tooltip/-/bulma-tooltip-3.0.2.tgz",
      "integrity": "sha512-CsT3APjhlZScskFg38n8HYL8oYNUHQtcu4sz6ERarxkUpBRbk9v0h/5KAvXeKapVSn2dp9l7bOGit5SECP8EWQ=="
    },
    "datatables.net": {
      "version": "1.11.3",
      "resolved": "https://registry.npmjs.org/datatables.net/-/datatables.net-1.11.3.tgz",
      "integrity": "sha512-VMj5qEaTebpNurySkM6jy6sGpl+s6onPK8xJhYr296R/vUBnz1+id16NVqNf9z5aR076OGcpGHCuiTuy4E05oQ==",
      "requires": {
        "jquery": ">=1.7"
      }
    },
    "datatables.net-fixedcolumns": {
      "version": "4.0.1",
      "resolved": "https://registry.npmjs.org/datatables.net-fixedcolumns/-/datatables.net-fixedcolumns-4.0.1.tgz",
      "integrity": "sha512-Y1RpCyJThZ2XS/Ir7rIi4MychTmX1hrbIPasTpMBsKca3ab/LwGKk09/+5f/G2Tkp6nZ8CjhRdg03TOmrDckfQ==",
      "requires": {
        "datatables.net": ">=1.11.3",
        "jquery": ">=1.7"
      }
    },
    "fontawesome-4.7": {
      "version": "4.7.0",
      "resolved": "https://registry.npmjs.org/fontawesome-4.7/-/fontawesome-4.7-4.7.0.tgz",
      "integrity": "sha512-K+pJ9tR3Z+youCvMOtqwJyyM69dlAQflrahXTV3KExWTAFHqR+MgeEC/dF3Q7nUNOJRMOX8GIPzzGbnh4GMrkw=="
    },
    "jquery": {
      "version": "3.6.0",
      "resolved": "https://registry.npmjs.org/jquery/-/jquery-3.6.0.tgz",
      "integrity": "sha512-JVzAR/AjBvVt2BmYhxRCSYysDsPcssdmTFnzyLEts9qNwmjmu4JTAMYubEfwVOSwpQ1I1sKKFcxhZCI2buerfw=="
    },
    "sweetalert2": {
      "version": "11.3.0",
      "resolved": "https://registry.npmjs.org/sweetalert2/-/sweetalert2-11.3.0.tgz",
      "integrity": "sha512-C0TFp0VLxgx+PmhJ0mL8qzx+iYjnCLdDbvQHKY6KAGI+xwawMvLkStPgw2LmJl6itaDhR/qLQStPFIbr1VK9Ow=="
    }
  }
}
